
Microsoft Visual Studio Solution File, Format Version 12.00
# Visual Studio Version 17
VisualStudioVersion = 17.7.34202.233
MinimumVisualStudioVersion = 10.0.40219.1
Project("{8BC9CEB8-8B4A-11D0-8D11-00A0C91BC942}") = "HomeTask 22", "HomeTask 22\HomeTask 22.vcxproj", "{56FD6D7B-9C71-412E-97A2-2CA244DBA541}"
EndProject
Global
	GlobalSection(SolutionConfigurationPlatforms) = preSolution
		Debug|x64 = Debug|x64
		Debug|x86 = Debug|x86
		Release|x64 = Release|x64
		Release|x86 = Release|x86
	EndGlobalSection
	GlobalSection(ProjectConfigurationPlatforms) = postSolution
		{56FD6D7B-9C71-412E-97A2-2CA244DBA541}.Debug|x64.ActiveCfg = Debug|x64
		{56FD6D7B-9C71-412E-97A2-2CA244DBA541}.Debug|x64.Build.0 = Debug|x64
		{56FD6D7B-9C71-412E-97A2-2CA244DBA541}.Debug|x86.ActiveCfg = Debug|Win32
		{56FD6D7B-9C71-412E-97A2-2CA244DBA541}.Debug|x86.Build.0 = Debug|Win32
		{56FD6D7B-9C71-412E-97A2-2CA244DBA541}.Release|x64.ActiveCfg = Release|x64
		{56FD6D7B-9C71-412E-97A2-2CA244DBA541}.Release|x64.Build.0 = Release|x64
		{56FD6D7B-9C71-412E-97A2-2CA244DBA541}.Release|x86.ActiveCfg = Release|Win32
		{56FD6D7B-9C71-412E-97A2-2CA244DBA541}.Release|x86.Build.0 = Release|Win32
	EndGlobalSection
	GlobalSection(SolutionProperties) = preSolution
		HideSolutionNode = FALSE
	EndGlobalSection
	GlobalSection(ExtensibilityGlobals) = postSolution
		SolutionGuid = {100BA5F0-DE4B-4359-8379-92026B42FDF7}
	EndGlobalSection
EndGlobal
